// !$*UTF8*$!
{
	archiveVersion = 1;
	classes = {
	};
	objectVersion = 46;
	objects = {

/* Begin PBXBuildFile section */
		849494321F346BA600F5483E /* main.m in Sources */ = {isa = PBXBuildFile; fileRef = 849494311F346BA600F5483E /* main.m */; };
		849494351F346BA600F5483E /* AppDelegate.m in Sources */ = {isa = PBXBuildFile; fileRef = 849494341F346BA600F5483E /* AppDelegate.m */; };
		849494381F346BA600F5483E /* ViewController.m in Sources */ = {isa = PBXBuildFile; fileRef = 849494371F346BA600F5483E /* ViewController.m */; };
		8494943B1F346BA600F5483E /* Main.storyboard in Resources */ = {isa = PBXBuildFile; fileRef = 849494391F346BA600F5483E /* Main.storyboard */; };
		8494943D1F346BA700F5483E /* Assets.xcassets in Resources */ = {isa = PBXBuildFile; fileRef = 8494943C1F346BA700F5483E /* Assets.xcassets */; };
		849494401F346BA700F5483E /* LaunchScreen.storyboard in Resources */ = {isa = PBXBuildFile; fileRef = 8494943E1F346BA700F5483E /* LaunchScreen.storyboard */; };
		8494944A1F346C1000F5483E /* TriangleButton.m in Sources */ = {isa = PBXBuildFile; fileRef = 849494491F346C1000F5483E /* TriangleButton.m */; };
/* End PBXBuildFile section */

/* Begin PBXFileReference section */
		8494942D1F346BA600F5483E /* TriangleButton.app */ = {isa = PBXFileReference; explicitFileType = wrapper.application; includeInIndex = 0; path = TriangleButton.app; sourceTree = BUILT_PRODUCTS_DIR; };
		849494311F346BA600F5483E /* main.m */ = {isa = PBXFileReference; lastKnownFileType = sourcecode.c.objc; path = main.m; sourceTree = "<group>"; };
		849494331F346BA600F5483E /* AppDelegate.h */ = {isa = PBXFileReference; lastKnownFileType = sourcecode.c.h; path = AppDelegate.h; sourceTree = "<group>"; };
		849494341F346BA600F5483E /* AppDelegate.m */ = {isa = PBXFileReference; lastKnownFileType = sourcecode.c.objc; path = AppDelegate.m; sourceTree = "<group>"; };
		849494361F346BA600F5483E /* ViewController.h */ = {isa = PBXFileReference; lastKnownFileType = sourcecode.c.h; path = ViewController.h; sourceTree = "<group>"; };
		849494371F346BA600F5483E /* ViewController.m */ = {isa = PBXFileReference; lastKnownFileType = sourcecode.c.objc; path = ViewController.m; sourceTree = "<group>"; };
		8494943A1F346BA600F5483E /* Base */ = {isa = PBXFileReference; lastKnownFileType = file.storyboard; name = Base; path = Base.lproj/Main.storyboard; sourceTree = "<group>"; };
		8494943C1F346BA700F5483E /* Assets.xcassets */ = {isa = PBXFileReference; lastKnownFileType = folder.assetcatalog; path = Assets.xcassets; sourceTree = "<group>"; };
		8494943F1F346BA700F5483E /* Base */ = {isa = PBXFileReference; lastKnownFileType = file.storyboard; name = Base; path = Base.lproj/LaunchScreen.storyboard; sourceTree = "<group>"; };
		849494411F346BA700F5483E /* Info.plist */ = {isa = PBXFileReference; lastKnownFileType = text.plist.xml; path = Info.plist; sourceTree = "<group>"; };
		849494481F346C1000F5483E /* TriangleButton.h */ = {isa = PBXFileReference; fileEncoding = 4; lastKnownFileType = sourcecode.c.h; path = TriangleButton.h; sourceTree = "<group>"; };
		849494491F346C1000F5483E /* TriangleButton.m */ = {isa = PBXFileReference; fileEncoding = 4; lastKnownFileType = sourcecode.c.objc; path = TriangleButton.m; sourceTree = "<group>"; };
/* End PBXFileReference section */

/* Begin PBXFrameworksBuildPhase section */
		8494942A1F346BA600F5483E /* Frameworks */ = {
			isa = PBXFrameworksBuildPhase;
			buildActionMask = 2147483647;
			files = (
			);
			runOnlyForDeploymentPostprocessing = 0;
		};
/* End PBXFrameworksBuildPhase section */

/* Begin PBXGroup section */
		849494241F346BA500F5483E = {
			isa = PBXGroup;
			children = (
				8494942F1F346BA600F5483E /* TriangleButton */,
				8494942E1F346BA600F5483E /* Products */,
			);
			sourceTree = "<group>";
		};
		8494942E1F346BA600F5483E /* Products */ = {
			isa = PBXGroup;
			children = (
				8494942D1F346BA600F5483E /* TriangleButton.app */,
			);
			name = Products;
			sourceTree = "<group>";
		};
		8494942F1F346BA600F5483E /* TriangleButton */ = {
			isa = PBXGroup;
			children = (
				849494471F346BCC00F5483E /* TriangleButton */,
				849494331F346BA600F5483E /* AppDelegate.h */,
				849494341F346BA600F5483E /* AppDelegate.m */,
				849494361F346BA600F5483E /* ViewController.h */,
				849494371F346BA600F5483E /* ViewController.m */,
				849494391F346BA600F5483E /* Main.storyboard */,
				8494943C1F346BA700F5483E /* Assets.xcassets */,
				8494943E1F346BA700F5483E /* LaunchScreen.storyboard */,
				849494411F346BA700F5483E /* Info.plist */,
				849494301F346BA600F5483E /* Supporting Files */,
			);
			path = TriangleButton;
			sourceTree = "<group>";
		};
		849494301F346BA600F5483E /* Supporting Files */ = {
			isa = PBXGroup;
			children = (
				849494311F346BA600F5483E /* main.m */,
			);
			name = "Supporting Files";
			sourceTree = "<group>";
		};
		849494471F346BCC00F5483E /* TriangleButton */ = {
			isa = PBXGroup;
			children = (
				849494481F346C1000F5483E /* TriangleButton.h */,
				849494491F346C1000F5483E /* TriangleButton.m */,
			);
			path = TriangleButton;
			sourceTree = "<group>";
		};
/* End PBXGroup section */

/* Begin PBXNativeTarget section */
		8494942C1F346BA600F5483E /* TriangleButton */ = {
			isa = PBXNativeTarget;
			buildConfigurationList = 849494441F346BA700F5483E /* Build configuration list for PBXNativeTarget "TriangleButton" */;
			buildPhases = (
				849494291F346BA600F5483E /* Sources */,
				8494942A1F346BA600F5483E /* Frameworks */,
				8494942B1F346BA600F5483E /* Resources */,
			);
			buildRules = (
			);
			dependencies = (
			);
			name = TriangleButton;
			productName = TriangleButton;
			productReference = 8494942D1F346BA600F5483E /* TriangleButton.app */;
			productType = "com.apple.product-type.application";
		};
/* End PBXNativeTarget section */

/* Begin PBXProject section */
		849494251F346BA500F5483E /* Project object */ = {
			isa = PBXProject;
			attributes = {
				LastUpgradeCheck = 0830;
				ORGANIZATIONNAME = "常丛丛";
				TargetAttributes = {
					8494942C1F346BA600F5483E = {
						CreatedOnToolsVersion = 8.3;
						DevelopmentTeam = 64LC5EYVFQ;
						ProvisioningStyle = Automatic;
					};
				};
			};
			buildConfigurationList = 849494281F346BA600F5483E /* Build configuration list for PBXProject "TriangleButton" */;
			compatibilityVersion = "Xcode 3.2";
			developmentRegion = English;
			hasScannedForEncodings = 0;
			knownRegions = (
				en,
				Base,
			);
			mainGroup = 849494241F346BA500F5483E;
			productRefGroup = 8494942E1F346BA600F5483E /* Products */;
			projectDirPath = "";
			projectRoot = "";
			targets = (
				8494942C1F346BA600F5483E /* TriangleButton */,
			);
		};
/* End PBXProject section */

/* Begin PBXResourcesBuildPhase section */
		8494942B1F346BA600F5483E /* Resources */ = {
			isa = PBXResourcesBuildPhase;
			buildActionMask = 2147483647;
			files = (
				849494401F346BA700F5483E /* LaunchScreen.storyboard in Resources */,
				8494943D1F346BA700F5483E /* Assets.xcassets in Resources */,
				8494943B1F346BA600F5483E /* Main.storyboard in Resources */,
			);
			runOnlyForDeploymentPostprocessing = 0;
		};
/* End PBXResourcesBuildPhase section */

/* Begin PBXSourcesBuildPhase section */
		849494291F346BA600F5483E /* Sources */ = {
			isa = PBXSourcesBuildPhase;
			buildActionMask = 2147483647;
			files = (
				849494381F346BA600F5483E /* ViewController.m in Sources */,
				8494944A1F346C1000F5483E /* TriangleButton.m in Sources */,
				849494351F346BA600F5483E /* AppDelegate.m in Sources */,
				849494321F346BA600F5483E /* main.m in Sources */,
			);
			runOnlyForDeploymentPostprocessing = 0;
		};
/* End PBXSourcesBuildPhase section */

/* Begin PBXVariantGroup section */
		849494391F346BA600F5483E /* Main.storyboard */ = {
			isa = PBXVariantGroup;
			children = (
				8494943A1F346BA600F5483E /* Base */,
			);
			name = Main.storyboard;
			sourceTree = "<group>";
		};
		8494943E1F346BA700F5483E /* LaunchScreen.storyboard */ = {
			isa = PBXVariantGroup;
			children = (
				8494943F1F346BA700F5483E /* Base */,
			);
			name = LaunchScreen.storyboard;
			sourceTree = "<group>";
		};
/* End PBXVariantGroup section */

/* Begin XCBuildConfiguration section */
		849494421F346BA700F5483E /* Debug */ = {
			isa = XCBuildConfiguration;
			buildSettings = {
				ALWAYS_SEARCH_USER_PATHS = NO;
				CLANG_ANALYZER_NONNULL = YES;
				CLANG_ANALYZER_NUMBER_OBJECT_CONVERSION = YES_AGGRESSIVE;
				CLANG_CXX_LANGUAGE_STANDARD = "gnu++0x";
				CLANG_CXX_LIBRARY = "libc++";
				CLANG_ENABLE_MODULES = YES;
				CLANG_ENABLE_OBJC_ARC = YES;
				CLANG_WARN_BOOL_CONVERSION = YES;
				CLANG_WARN_CONSTANT_CONVERSION = YES;
				CLANG_WARN_DIRECT_OBJC_ISA_USAGE = YES_ERROR;
				CLANG_WARN_DOCUMENTATION_COMMENTS = YES;
				CLANG_WARN_EMPTY_BODY = YES;
				CLANG_WARN_ENUM_CONVERSION = YES;
				CLANG_WARN_INFINITE_RECURSION = YES;
				CLANG_WARN_INT_CONVERSION = YES;
				CLANG_WARN_OBJC_ROOT_CLASS = YES_ERROR;
				CLANG_WARN_SUSPICIOUS_MOVE = YES;
				CLANG_WARN_UNREACHABLE_CODE = YES;
				CLANG_WARN__DUPLICATE_METHOD_MATCH = YES;
				"CODE_SIGN_IDENTITY[sdk=iphoneos*]" = "iPhone Developer";
				COPY_PHASE_STRIP = NO;
				DEBUG_INFORMATION_FORMAT = dwarf;
				ENABLE_STRICT_OBJC_MSGSEND = YES;
				ENABLE_TESTABILITY = YES;
				GCC_C_LANGUAGE_STANDARD = gnu99;
				GCC_DYNAMIC_NO_PIC = NO;
				GCC_NO_COMMON_BLOCKS = YES;
				GCC_OPTIMIZATION_LEVEL = 0;
				GCC_PREPROCESSOR_DEFINITIONS = (
					"DEBUG=1",
					"$(inherited)",
				);
				GCC_WARN_64_TO_32_BIT_CONVERSION = YES;
				GCC_WARN_ABOUT_RETURN_TYPE = YES_ERROR;
				GCC_WARN_UNDECLARED_SELECTOR = YES;
				GCC_WARN_UNINITIALIZED_AUTOS = YES_AGGRESSIVE;
				GCC_WARN_UNUSED_FUNCTION = YES;
				GCC_WARN_UNUSED_VARIABLE = YES;
				IPHONEOS_DEPLOYMENT_TARGET = 10.3;
				MTL_ENABLE_DEBUG_INFO = YES;
				ONLY_ACTIVE_ARCH = YES;
				SDKROOT = iphoneos;
			};
			name = Debug;
		};
		849494431F346BA700F5483E /* Release */ = {
			isa = XCBuildConfiguration;
			buildSettings = {
				ALWAYS_SEARCH_USER_PATHS = NO;
				CLANG_ANALYZER_NONNULL = YES;
				CLANG_ANALYZER_NUMBER_OBJECT_CONVERSION = YES_AGGRESSIVE;
				CLANG_CXX_LANGUAGE_STANDARD = "gnu++0x";
				CLANG_CXX_LIBRARY = "libc++";
				CLANG_ENABLE_MODULES = YES;
				CLANG_ENABLE_OBJC_ARC = YES;
				CLANG_WARN_BOOL_CONVERSION = YES;
				CLANG_WARN_CONSTANT_CONVERSION = YES;
				CLANG_WARN_DIRECT_OBJC_ISA_USAGE = YES_ERROR;
				CLANG_WARN_DOCUMENTATION_COMMENTS = YES;
				CLANG_WARN_EMPTY_BODY = YES;
				CLANG_WARN_ENUM_CONVERSION = YES;
				CLANG_WARN_INFINITE_RECURSION = YES;
				CLANG_WARN_INT_CONVERSION = YES;
				CLANG_WARN_OBJC_ROOT_CLASS = YES_ERROR;
				CLANG_WARN_SUSPICIOUS_MOVE = YES;
				CLANG_WARN_UNREACHABLE_CODE = YES;
				CLANG_WARN__DUPLICATE_METHOD_MATCH = YES;
				"CODE_SIGN_IDENTITY[sdk=iphoneos*]" = "iPhone Developer";
				COPY_PHASE_STRIP = NO;
				DEBUG_INFORMATION_FORMAT = "dwarf-with-dsym";
				ENABLE_NS_ASSERTIONS = NO;
				ENABLE_STRICT_OBJC_MSGSEND = YES;
				GCC_C_LANGUAGE_STANDARD = gnu99;
				GCC_NO_COMMON_BLOCKS = YES;
				GCC_WARN_64_TO_32_BIT_CONVERSION = YES;
				GCC_WARN_ABOUT_RETURN_TYPE = YES_ERROR;
				GCC_WARN_UNDECLARED_SELECTOR = YES;
				GCC_WARN_UNINITIALIZED_AUTOS = YES_AGGRESSIVE;
				GCC_WARN_UNUSED_FUNCTION = YES;
				GCC_WARN_UNUSED_VARIABLE = YES;
				IPHONEOS_DEPLOYMENT_TARGET = 10.3;
				MTL_ENABLE_DEBUG_INFO = NO;
				SDKROOT = iphoneos;
				VALIDATE_PRODUCT = YES;
			};
			name = Release;
		};
		849494451F346BA700F5483E /* Debug */ = {
			isa = XCBuildConfiguration;
			buildSettings = {
				ASSETCATALOG_COMPILER_APPICON_NAME = AppIcon;
				DEVELOPMENT_TEAM = 64LC5EYVFQ;
				INFOPLIST_FILE = TriangleButton/Info.plist;
				LD_RUNPATH_SEARCH_PATHS = "$(inherited) @executable_path/Frameworks";
				PRODUCT_BUNDLE_IDENTIFIER = com.changcongcong.TriangleButton.TriangleButton;
				PRODUCT_NAME = "$(TARGET_NAME)";
			};
			name = Debug;
		};
		849494461F346BA700F5483E /* Release */ = {
			isa = XCBuildConfiguration;
			buildSettings = {
				ASSETCATALOG_COMPILER_APPICON_NAME = AppIcon;
				DEVELOPMENT_TEAM = 64LC5EYVFQ;
				INFOPLIST_FILE = TriangleButton/Info.plist;
				LD_RUNPATH_SEARCH_PATHS = "$(inherited) @executable_path/Frameworks";
				PRODUCT_BUNDLE_IDENTIFIER = com.changcongcong.TriangleButton.TriangleButton;
				PRODUCT_NAME = "$(TARGET_NAME)";
			};
			name = Release;
		};
/* End XCBuildConfiguration section */

/* Begin XCConfigurationList section */
		849494281F346BA600F5483E /* Build configuration list for PBXProject "TriangleButton" */ = {
			isa = XCConfigurationList;
			buildConfigurations = (
				849494421F346BA700F5483E /* Debug */,
				849494431F346BA700F5483E /* Release */,
			);
			defaultConfigurationIsVisible = 0;
			defaultConfigurationName = Release;
		};
		849494441F346BA700F5483E /* Build configuration list for PBXNativeTarget "TriangleButton" */ = {
			isa = XCConfigurationList;
			buildConfigurations = (
				849494451F346BA700F5483E /* Debug */,
				849494461F346BA700F5483E /* Release */,
			);
			defaultConfigurationIsVisible = 0;
		};
/* End XCConfigurationList section */
	};
	rootObject = 849494251F346BA500F5483E /* Project object */;
}
